
Microsoft Visual Studio Solution File, Format Version 12.00
# Visual Studio Version 16
VisualStudioVersion = 16.0.31624.102
MinimumVisualStudioVersion = 10.0.40219.1
Project("{9A19103F-16F7-4668-BE54-9A1E7A4F7556}") = "Mdf", "Mdf\Mdf.csproj", "{961C7A16-FD56-4091-B7A9-040107E247BB}"
EndProject
Global
	GlobalSection(SolutionConfigurationPlatforms) = preSolution
		Debug|Any CPU = Debug|Any CPU
		Release|Any CPU = Release|Any CPU
	EndGlobalSection
	GlobalSection(ProjectConfigurationPlatforms) = postSolution
		{961C7A16-FD56-4091-B7A9-040107E247BB}.Debug|Any CPU.ActiveCfg = Debug|Any CPU
		{961C7A16-FD56-4091-B7A9-040107E247BB}.Debug|Any CPU.Build.0 = Debug|Any CPU
		{961C7A16-FD56-4091-B7A9-040107E247BB}.Release|Any CPU.ActiveCfg = Release|Any CPU
		{961C7A16-FD56-4091-B7A9-040107E247BB}.Release|Any CPU.Build.0 = Release|Any CPU
	EndGlobalSection
	GlobalSection(SolutionProperties) = preSolution
		HideSolutionNode = FALSE
	EndGlobalSection
	GlobalSection(ExtensibilityGlobals) = postSolution
		SolutionGuid = {D62556F9-7D07-4F6D-90FF-66EC4A3957BE}
	EndGlobalSection
EndGlobal
